Microsoft Visual Studio Solution File, Format Version 12.00
# Visual Studio Version 17
VisualStudioVersion = 17.5.2.0
MinimumVisualStudioVersion = 10.0.40219.1
Project("{FAE04EC0-301F-11D3-BF4B-00C04F79EFBC}") = "MangaReaderAPI", "MangaReaderAPI.csproj", "{D2DF4FCB-05B7-D299-69F0-C68347464909}"
EndProject
Global
	GlobalSection(SolutionConfigurationPlatforms) = preSolution
		Debug|Any CPU = Debug|Any CPU
		Release|Any CPU = Release|Any CPU
	EndGlobalSection
	GlobalSection(ProjectConfigurationPlatforms) = postSolution
		{D2DF4FCB-05B7-D299-69F0-C68347464909}.Debug|Any CPU.ActiveCfg = Debug|Any CPU
		{D2DF4FCB-05B7-D299-69F0-C68347464909}.Debug|Any CPU.Build.0 = Debug|Any CPU
		{D2DF4FCB-05B7-D299-69F0-C68347464909}.Release|Any CPU.ActiveCfg = Release|Any CPU
		{D2DF4FCB-05B7-D299-69F0-C68347464909}.Release|Any CPU.Build.0 = Release|Any CPU
	EndGlobalSection
	GlobalSection(SolutionProperties) = preSolution
		HideSolutionNode = FALSE
	EndGlobalSection
	GlobalSection(ExtensibilityGlobals) = postSolution
		SolutionGuid = {4A716B7E-0755-4EA7-B686-19CB37B1A4E6}
	EndGlobalSection
EndGlobal
